
Microsoft Visual Studio Solution File, Format Version 12.00
# Visual Studio Version 17
VisualStudioVersion = 17.2.32616.157
MinimumVisualStudioVersion = 10.0.40219.1
Project("{8BC9CEB8-8B4A-11D0-8D11-00A0C91BC942}") = "Class_String_10-07-2022", "Class_String_10-07-2022.vcxproj", "{177EF8AF-3DAF-4F04-9A96-42CEB66CAFBB}"
EndProject
Global
	GlobalSection(SolutionConfigurationPlatforms) = preSolution
		Debug|x64 = Debug|x64
		Debug|x86 = Debug|x86
		Release|x64 = Release|x64
		Release|x86 = Release|x86
	EndGlobalSection
	GlobalSection(ProjectConfigurationPlatforms) = postSolution
		{177EF8AF-3DAF-4F04-9A96-42CEB66CAFBB}.Debug|x64.ActiveCfg = Debug|x64
		{177EF8AF-3DAF-4F04-9A96-42CEB66CAFBB}.Debug|x64.Build.0 = Debug|x64
		{177EF8AF-3DAF-4F04-9A96-42CEB66CAFBB}.Debug|x86.ActiveCfg = Debug|Win32
		{177EF8AF-3DAF-4F04-9A96-42CEB66CAFBB}.Debug|x86.Build.0 = Debug|Win32
		{177EF8AF-3DAF-4F04-9A96-42CEB66CAFBB}.Release|x64.ActiveCfg = Release|x64
		{177EF8AF-3DAF-4F04-9A96-42CEB66CAFBB}.Release|x64.Build.0 = Release|x64
		{177EF8AF-3DAF-4F04-9A96-42CEB66CAFBB}.Release|x86.ActiveCfg = Release|Win32
		{177EF8AF-3DAF-4F04-9A96-42CEB66CAFBB}.Release|x86.Build.0 = Release|Win32
	EndGlobalSection
	GlobalSection(SolutionProperties) = preSolution
		HideSolutionNode = FALSE
	EndGlobalSection
	GlobalSection(ExtensibilityGlobals) = postSolution
		SolutionGuid = {E55BB5BD-D6BB-40FC-93C8-4C3D4B919F31}
	EndGlobalSection
EndGlobal
